// !$*UTF8*$!
{
	archiveVersion = 1;
	classes = {
	};
	objectVersion = 50;
	objects = {

/* Begin PBXBuildFile section */
		4C0512E4256BEF1400167684 /* EditItemView.swift in Sources */ = {isa = PBXBuildFile; fileRef = 4C0512E3256BEF1400167684 /* EditItemView.swift */; };
		4C0512E8256BF37300167684 /* ItemRowView.swift in Sources */ = {isa = PBXBuildFile; fileRef = 4C0512E7256BF37300167684 /* ItemRowView.swift */; };
		4C088C42256FF7E100684D19 /* EditProjectView.swift in Sources */ = {isa = PBXBuildFile; fileRef = 4C088C41256FF7E100684D19 /* EditProjectView.swift */; };
		4C088C4A256FFA9B00684D19 /* Project-CoreDataHelpers.swift in Sources */ = {isa = PBXBuildFile; fileRef = 4C088C49256FFA9B00684D19 /* Project-CoreDataHelpers.swift */; };
		4C12D0182573951F00F532C9 /* SelectSomethingView.swift in Sources */ = {isa = PBXBuildFile; fileRef = 4C12D0172573951F00F532C9 /* SelectSomethingView.swift */; };
		4C152DC425DAD41E00D5269A /* PerformanceTests.swift in Sources */ = {isa = PBXBuildFile; fileRef = 4C152DC325DAD41E00D5269A /* PerformanceTests.swift */; };
		4C4C37692562D0C000D3EA28 /* CloudKit.framework in Frameworks */ = {isa = PBXBuildFile; fileRef = 4C4C37682562D0C000D3EA28 /* CloudKit.framework */; };
		4C4C376C2562D3DB00D3EA28 /* HomeView.swift in Sources */ = {isa = PBXBuildFile; fileRef = 4C4C376B2562D3DB00D3EA28 /* HomeView.swift */; };
		4C4C37732562D6FD00D3EA28 /* ProjectsView.swift in Sources */ = {isa = PBXBuildFile; fileRef = 4C4C37722562D6FD00D3EA28 /* ProjectsView.swift */; };
		4C51934125FD048500C5F858 /* HomeViewModel.swift in Sources */ = {isa = PBXBuildFile; fileRef = 4C51934025FD048500C5F858 /* HomeViewModel.swift */; };
		4C6DA8B1256DBC7300879910 /* Binding-OnChange.swift.swift in Sources */ = {isa = PBXBuildFile; fileRef = 4C6DA8B0256DBC7300879910 /* Binding-OnChange.swift.swift */; };
		4C7F24FC25AC7F87003C4FDA /* Sequence-Sorting.swift in Sources */ = {isa = PBXBuildFile; fileRef = 4C7F24FB25AC7F87003C4FDA /* Sequence-Sorting.swift */; };
		4C810BDD2573A5B700008F53 /* Bundle-Decodable.swift in Sources */ = {isa = PBXBuildFile; fileRef = 4C810BDC2573A5B700008F53 /* Bundle-Decodable.swift */; };
		4C810BE32573A8BF00008F53 /* Award.swift in Sources */ = {isa = PBXBuildFile; fileRef = 4C810BE22573A8BF00008F53 /* Award.swift */; };
		4C810BE62573A92100008F53 /* AwardsView.swift in Sources */ = {isa = PBXBuildFile; fileRef = 4C810BE52573A92100008F53 /* AwardsView.swift */; };
		4C91DCF725617BB300A0A108 /* OddTrackerApp.swift in Sources */ = {isa = PBXBuildFile; fileRef = 4C91DCF625617BB300A0A108 /* OddTrackerApp.swift */; };
		4C91DCF925617BB300A0A108 /* ContentView.swift in Sources */ = {isa = PBXBuildFile; fileRef = 4C91DCF825617BB300A0A108 /* ContentView.swift */; };
		4C91DCFB25617BB600A0A108 /* Assets.xcassets in Resources */ = {isa = PBXBuildFile; fileRef = 4C91DCFA25617BB600A0A108 /* Assets.xcassets */; };
		4C91DCFE25617BB600A0A108 /* Preview Assets.xcassets in Resources */ = {isa = PBXBuildFile; fileRef = 4C91DCFD25617BB600A0A108 /* Preview Assets.xcassets */; };
		4C91DD0825617FDD00A0A108 /* Main.xcdatamodeld in Sources */ = {isa = PBXBuildFile; fileRef = 4C91DD0625617FDD00A0A108 /* Main.xcdatamodeld */; };
		4C91DD0B2561825F00A0A108 /* DataController.swift in Sources */ = {isa = PBXBuildFile; fileRef = 4C91DD0A2561825F00A0A108 /* DataController.swift */; };
		4C92274E2576C1FE00048FB8 /* Color-Additions.swift in Sources */ = {isa = PBXBuildFile; fileRef = 4C92274D2576C1FE00048FB8 /* Color-Additions.swift */; };
		4C9A61B525F9074D002AB33A /* OddTrackerUITests.swift in Sources */ = {isa = PBXBuildFile; fileRef = 4C9A61B425F9074D002AB33A /* OddTrackerUITests.swift */; };
		4C9BE362265557090006F776 /* SKProduct-LocalizedPrice.swift in Sources */ = {isa = PBXBuildFile; fileRef = 4C9BE361265557090006F776 /* SKProduct-LocalizedPrice.swift */; };
		4C9DCB4225C1BA1C000252C6 /* DevelopmentTests.swift in Sources */ = {isa = PBXBuildFile; fileRef = 4C9DCB4125C1BA1C000252C6 /* DevelopmentTests.swift */; };
		4CAB9C1A25BA1C81000FB4C1 /* OddTrackerTests.swift in Sources */ = {isa = PBXBuildFile; fileRef = 4CAB9C1925BA1C81000FB4C1 /* OddTrackerTests.swift */; };
		4CAB9C2425BA1DEF000FB4C1 /* AssetTests.swift in Sources */ = {isa = PBXBuildFile; fileRef = 4CAB9C2325BA1DEF000FB4C1 /* AssetTests.swift */; };
		4CB3BA372577CC77009F94C0 /* Localizable.strings in Resources */ = {isa = PBXBuildFile; fileRef = 4CB3BA392577CC77009F94C0 /* Localizable.strings */; };
		4CB3BA3C2577CD69009F94C0 /* Localizable.stringsdict in Resources */ = {isa = PBXBuildFile; fileRef = 4CB3BA3E2577CD69009F94C0 /* Localizable.stringsdict */; };
		4CB3BA422577D383009F94C0 /* Awards.json in Resources */ = {isa = PBXBuildFile; fileRef = 4CB3BA442577D383009F94C0 /* Awards.json */; };
		4CB7B4E12652A9450059A9A4 /* UnlockManager.swift in Sources */ = {isa = PBXBuildFile; fileRef = 4CB7B4E02652A9450059A9A4 /* UnlockManager.swift */; };
		4CBCF91D260121E70048E4EF /* ItemRowViewModel.swift in Sources */ = {isa = PBXBuildFile; fileRef = 4CBCF91C260121E70048E4EF /* ItemRowViewModel.swift */; };
		4CC3B32625CC69FB0061D42C /* ExtensionTests.swift in Sources */ = {isa = PBXBuildFile; fileRef = 4CC3B32525CC69FB0061D42C /* ExtensionTests.swift */; };
		4CC3B32D25CC6CAE0061D42C /* DecodableDictionary.json in Resources */ = {isa = PBXBuildFile; fileRef = 4CC3B32C25CC6CAE0061D42C /* DecodableDictionary.json */; };
		4CC3B33325CC6CDB0061D42C /* DecodableString.json in Resources */ = {isa = PBXBuildFile; fileRef = 4CC3B33225CC6CDB0061D42C /* DecodableString.json */; };
		4CC7B373256E9D250036E5AF /* ProjectHeaderView.swift in Sources */ = {isa = PBXBuildFile; fileRef = 4CC7B372256E9D250036E5AF /* ProjectHeaderView.swift */; };
		4CC7B377256EA1B20036E5AF /* Colors.xcassets in Resources */ = {isa = PBXBuildFile; fileRef = 4CC7B376256EA1B20036E5AF /* Colors.xcassets */; };
		4CCD12552564226400F66350 /* Item-CoreDataHelpers.swift.swift in Sources */ = {isa = PBXBuildFile; fileRef = 4CCD12542564226400F66350 /* Item-CoreDataHelpers.swift.swift */; };
		4CEE08CB25BB504F004F939C /* ProjectTests.swift in Sources */ = {isa = PBXBuildFile; fileRef = 4CEE08CA25BB504F004F939C /* ProjectTests.swift */; };
		4CEE08CF25BB52C4004F939C /* AwardTests.swift in Sources */ = {isa = PBXBuildFile; fileRef = 4CEE08CE25BB52C4004F939C /* AwardTests.swift */; };
		4CF9A14A25FA35EF009C1070 /* ProjectsViewModel.swift in Sources */ = {isa = PBXBuildFile; fileRef = 4CF9A14925FA35EF009C1070 /* ProjectsViewModel.swift */; };
		4CFAAA50257E5EFC0072DA26 /* ItemListView.swift in Sources */ = {isa = PBXBuildFile; fileRef = 4CFAAA4F257E5EFC0072DA26 /* ItemListView.swift */; };
		4CFAAA53257E60B70072DA26 /* ProjectSummaryView.swift in Sources */ = {isa = PBXBuildFile; fileRef = 4CFAAA52257E60B70072DA26 /* ProjectSummaryView.swift */; };
/* End PBXBuildFile section */

/* Begin PBXContainerItemProxy section */
		4C9A61B725F9074D002AB33A /* PBXContainerItemProxy */ = {
			isa = PBXContainerItemProxy;
			containerPortal = 4C91DCEB25617BB300A0A108 /* Project object */;
			proxyType = 1;
			remoteGlobalIDString = 4C91DCF225617BB300A0A108;
			remoteInfo = OddTracker;
		};
		4CAB9C1C25BA1C81000FB4C1 /* PBXContainerItemProxy */ = {
			isa = PBXContainerItemProxy;
			containerPortal = 4C91DCEB25617BB300A0A108 /* Project object */;
			proxyType = 1;
			remoteGlobalIDString = 4C91DCF225617BB300A0A108;
			remoteInfo = OddTracker;
		};
/* End PBXContainerItemProxy section */

/* Begin PBXFileReference section */
		4C0512E3256BEF1400167684 /* EditItemView.swift */ = {isa = PBXFileReference; lastKnownFileType = sourcecode.swift; path = EditItemView.swift; sourceTree = "<group>"; };
		4C0512E7256BF37300167684 /* ItemRowView.swift */ = {isa = PBXFileReference; lastKnownFileType = sourcecode.swift; path = ItemRowView.swift; sourceTree = "<group>"; };
		4C088C41256FF7E100684D19 /* EditProjectView.swift */ = {isa = PBXFileReference; lastKnownFileType = sourcecode.swift; path = EditProjectView.swift; sourceTree = "<group>"; };
		4C088C49256FFA9B00684D19 /* Project-CoreDataHelpers.swift */ = {isa = PBXFileReference; lastKnownFileType = sourcecode.swift; path = "Project-CoreDataHelpers.swift"; sourceTree = "<group>"; };
		4C12D0172573951F00F532C9 /* SelectSomethingView.swift */ = {isa = PBXFileReference; lastKnownFileType = sourcecode.swift; path = SelectSomethingView.swift; sourceTree = "<group>"; };
		4C152DC325DAD41E00D5269A /* PerformanceTests.swift */ = {isa = PBXFileReference; lastKnownFileType = sourcecode.swift; path = PerformanceTests.swift; sourceTree = "<group>"; };
		4C4C37682562D0C000D3EA28 /* CloudKit.framework */ = {isa = PBXFileReference; lastKnownFileType = wrapper.framework; name = CloudKit.framework; path = System/Library/Frameworks/CloudKit.framework; sourceTree = SDKROOT; };
		4C4C376B2562D3DB00D3EA28 /* HomeView.swift */ = {isa = PBXFileReference; lastKnownFileType = sourcecode.swift; path = HomeView.swift; sourceTree = "<group>"; };
		4C4C37722562D6FD00D3EA28 /* ProjectsView.swift */ = {isa = PBXFileReference; lastKnownFileType = sourcecode.swift; path = ProjectsView.swift; sourceTree = "<group>"; };
		4C51934025FD048500C5F858 /* HomeViewModel.swift */ = {isa = PBXFileReference; lastKnownFileType = sourcecode.swift; path = HomeViewModel.swift; sourceTree = "<group>"; };
		4C6DA8B0256DBC7300879910 /* Binding-OnChange.swift.swift */ = {isa = PBXFileReference; lastKnownFileType = sourcecode.swift; path = "Binding-OnChange.swift.swift"; sourceTree = "<group>"; };
		4C7F24FB25AC7F87003C4FDA /* Sequence-Sorting.swift */ = {isa = PBXFileReference; lastKnownFileType = sourcecode.swift; path = "Sequence-Sorting.swift"; sourceTree = "<group>"; };
		4C810BDC2573A5B700008F53 /* Bundle-Decodable.swift */ = {isa = PBXFileReference; lastKnownFileType = sourcecode.swift; path = "Bundle-Decodable.swift"; sourceTree = "<group>"; };
		4C810BE22573A8BF00008F53 /* Award.swift */ = {isa = PBXFileReference; lastKnownFileType = sourcecode.swift; path = Award.swift; sourceTree = "<group>"; };
		4C810BE52573A92100008F53 /* AwardsView.swift */ = {isa = PBXFileReference; lastKnownFileType = sourcecode.swift; path = AwardsView.swift; sourceTree = "<group>"; };
		4C91DCF325617BB300A0A108 /* OddTracker.app */ = {isa = PBXFileReference; explicitFileType = wrapper.application; includeInIndex = 0; path = OddTracker.app; sourceTree = BUILT_PRODUCTS_DIR; };
		4C91DCF625617BB300A0A108 /* OddTrackerApp.swift */ = {isa = PBXFileReference; lastKnownFileType = sourcecode.swift; path = OddTrackerApp.swift; sourceTree = "<group>"; };
		4C91DCF825617BB300A0A108 /* ContentView.swift */ = {isa = PBXFileReference; lastKnownFileType = sourcecode.swift; path = ContentView.swift; sourceTree = "<group>"; };
		4C91DCFA25617BB600A0A108 /* Assets.xcassets */ = {isa = PBXFileReference; lastKnownFileType = folder.assetcatalog; path = Assets.xcassets; sourceTree = "<group>"; };
		4C91DCFD25617BB600A0A108 /* Preview Assets.xcassets */ = {isa = PBXFileReference; lastKnownFileType = folder.assetcatalog; path = "Preview Assets.xcassets"; sourceTree = "<group>"; };
		4C91DCFF25617BB600A0A108 /* Info.plist */ = {isa = PBXFileReference; lastKnownFileType = text.plist.xml; path = Info.plist; sourceTree = "<group>"; };
		4C91DD0725617FDD00A0A108 /* Main.xcdatamodel */ = {isa = PBXFileReference; lastKnownFileType = wrapper.xcdatamodel; path = Main.xcdatamodel; sourceTree = "<group>"; };
		4C91DD0A2561825F00A0A108 /* DataController.swift */ = {isa = PBXFileReference; lastKnownFileType = sourcecode.swift; path = DataController.swift; sourceTree = "<group>"; };
		4C92274D2576C1FE00048FB8 /* Color-Additions.swift */ = {isa = PBXFileReference; lastKnownFileType = sourcecode.swift; path = "Color-Additions.swift"; sourceTree = "<group>"; };
		4C9A61B225F9074D002AB33A /* OddTrackerUITests.xctest */ = {isa = PBXFileReference; explicitFileType = wrapper.cfbundle; includeInIndex = 0; path = OddTrackerUITests.xctest; sourceTree = BUILT_PRODUCTS_DIR; };
		4C9A61B425F9074D002AB33A /* OddTrackerUITests.swift */ = {isa = PBXFileReference; lastKnownFileType = sourcecode.swift; path = OddTrackerUITests.swift; sourceTree = "<group>"; };
		4C9A61B625F9074D002AB33A /* Info.plist */ = {isa = PBXFileReference; lastKnownFileType = text.plist.xml; path = Info.plist; sourceTree = "<group>"; };
		4C9BE361265557090006F776 /* SKProduct-LocalizedPrice.swift */ = {isa = PBXFileReference; lastKnownFileType = sourcecode.swift; path = "SKProduct-LocalizedPrice.swift"; sourceTree = "<group>"; };
		4C9DCB4125C1BA1C000252C6 /* DevelopmentTests.swift */ = {isa = PBXFileReference; lastKnownFileType = sourcecode.swift; path = DevelopmentTests.swift; sourceTree = "<group>"; };
		4CAB9C1725BA1C81000FB4C1 /* OddTrackerTests.xctest */ = {isa = PBXFileReference; explicitFileType = wrapper.cfbundle; includeInIndex = 0; path = OddTrackerTests.xctest; sourceTree = BUILT_PRODUCTS_DIR; };
		4CAB9C1925BA1C81000FB4C1 /* OddTrackerTests.swift */ = {isa = PBXFileReference; lastKnownFileType = sourcecode.swift; path = OddTrackerTests.swift; sourceTree = "<group>"; };
		4CAB9C1B25BA1C81000FB4C1 /* Info.plist */ = {isa = PBXFileReference; lastKnownFileType = text.plist.xml; path = Info.plist; sourceTree = "<group>"; };
		4CAB9C2325BA1DEF000FB4C1 /* AssetTests.swift */ = {isa = PBXFileReference; lastKnownFileType = sourcecode.swift; path = AssetTests.swift; sourceTree = "<group>"; };
		4CAE5F882562CA7D00BC698E /* OddTracker.entitlements */ = {isa = PBXFileReference; lastKnownFileType = text.plist.entitlements; path = OddTracker.entitlements; sourceTree = "<group>"; };
		4CB3BA382577CC77009F94C0 /* en */ = {isa = PBXFileReference; lastKnownFileType = text.plist.strings; name = en; path = en.lproj/Localizable.strings; sourceTree = "<group>"; };
		4CB3BA3B2577CCBC009F94C0 /* de */ = {isa = PBXFileReference; lastKnownFileType = text.plist.strings; name = de; path = de.lproj/Localizable.strings; sourceTree = "<group>"; };
		4CB3BA3D2577CD69009F94C0 /* en */ = {isa = PBXFileReference; lastKnownFileType = text.plist.stringsdict; name = en; path = en.lproj/Localizable.stringsdict; sourceTree = "<group>"; };
		4CB3BA402577CD73009F94C0 /* de */ = {isa = PBXFileReference; lastKnownFileType = text.plist.stringsdict; name = de; path = de.lproj/Localizable.stringsdict; sourceTree = "<group>"; };
		4CB3BA432577D383009F94C0 /* en */ = {isa = PBXFileReference; lastKnownFileType = text.json; name = en; path = en.lproj/Awards.json; sourceTree = "<group>"; };
		4CB3BA462577D387009F94C0 /* de */ = {isa = PBXFileReference; lastKnownFileType = text.json; name = de; path = de.lproj/Awards.json; sourceTree = "<group>"; };
		4CB7B4E02652A9450059A9A4 /* UnlockManager.swift */ = {isa = PBXFileReference; lastKnownFileType = sourcecode.swift; path = UnlockManager.swift; sourceTree = "<group>"; };
		4CB7B4E22652AC280059A9A4 /* Configuration.storekit */ = {isa = PBXFileReference; lastKnownFileType = text; path = Configuration.storekit; sourceTree = "<group>"; };
		4CBCF91C260121E70048E4EF /* ItemRowViewModel.swift */ = {isa = PBXFileReference; lastKnownFileType = sourcecode.swift; path = ItemRowViewModel.swift; sourceTree = "<group>"; };
		4CC3B32525CC69FB0061D42C /* ExtensionTests.swift */ = {isa = PBXFileReference; lastKnownFileType = sourcecode.swift; path = ExtensionTests.swift; sourceTree = "<group>"; };
		4CC3B32C25CC6CAE0061D42C /* DecodableDictionary.json */ = {isa = PBXFileReference; lastKnownFileType = text.json; path = DecodableDictionary.json; sourceTree = "<group>"; };
		4CC3B33225CC6CDB0061D42C /* DecodableString.json */ = {isa = PBXFileReference; lastKnownFileType = text.json; path = DecodableString.json; sourceTree = "<group>"; };
		4CC7B372256E9D250036E5AF /* ProjectHeaderView.swift */ = {isa = PBXFileReference; lastKnownFileType = sourcecode.swift; path = ProjectHeaderView.swift; sourceTree = "<group>"; };
		4CC7B376256EA1B20036E5AF /* Colors.xcassets */ = {isa = PBXFileReference; lastKnownFileType = folder.assetcatalog; path = Colors.xcassets; sourceTree = "<group>"; };
		4CCD12542564226400F66350 /* Item-CoreDataHelpers.swift.swift */ = {isa = PBXFileReference; lastKnownFileType = sourcecode.swift; path = "Item-CoreDataHelpers.swift.swift"; sourceTree = "<group>"; };
		4CEE08CA25BB504F004F939C /* ProjectTests.swift */ = {isa = PBXFileReference; lastKnownFileType = sourcecode.swift; path = ProjectTests.swift; sourceTree = "<group>"; };
		4CEE08CE25BB52C4004F939C /* AwardTests.swift */ = {isa = PBXFileReference; lastKnownFileType = sourcecode.swift; path = AwardTests.swift; sourceTree = "<group>"; };
		4CF9A14925FA35EF009C1070 /* ProjectsViewModel.swift */ = {isa = PBXFileReference; lastKnownFileType = sourcecode.swift; path = ProjectsViewModel.swift; sourceTree = "<group>"; };
		4CFAAA4F257E5EFC0072DA26 /* ItemListView.swift */ = {isa = PBXFileReference; lastKnownFileType = sourcecode.swift; path = ItemListView.swift; sourceTree = "<group>"; };
		4CFAAA52257E60B70072DA26 /* ProjectSummaryView.swift */ = {isa = PBXFileReference; lastKnownFileType = sourcecode.swift; path = ProjectSummaryView.swift; sourceTree = "<group>"; };
/* End PBXFileReference section */

/* Begin PBXFrameworksBuildPhase section */
		4C91DCF025617BB300A0A108 /* Frameworks */ = {
			isa = PBXFrameworksBuildPhase;
			buildActionMask = 2147483647;
			files = (
				4C4C37692562D0C000D3EA28 /* CloudKit.framework in Frameworks */,
			);
			runOnlyForDeploymentPostprocessing = 0;
		};
		4C9A61AF25F9074D002AB33A /* Frameworks */ = {
			isa = PBXFrameworksBuildPhase;
			buildActionMask = 2147483647;
			files = (
			);
			runOnlyForDeploymentPostprocessing = 0;
		};
		4CAB9C1425BA1C81000FB4C1 /* Frameworks */ = {
			isa = PBXFrameworksBuildPhase;
			buildActionMask = 2147483647;
			files = (
			);
			runOnlyForDeploymentPostprocessing = 0;
		};
/* End PBXFrameworksBuildPhase section */

/* Begin PBXGroup section */
		4C48FD692577907900494CDA /* Localization */ = {
			isa = PBXGroup;
			children = (
				4CB3BA392577CC77009F94C0 /* Localizable.strings */,
				4CB3BA3E2577CD69009F94C0 /* Localizable.stringsdict */,
			);
			path = Localization;
			sourceTree = "<group>";
		};
		4C4C37672562D0C000D3EA28 /* Frameworks */ = {
			isa = PBXGroup;
			children = (
				4C4C37682562D0C000D3EA28 /* CloudKit.framework */,
			);
			name = Frameworks;
			sourceTree = "<group>";
		};
		4C7F24F925AC771D003C4FDA /* Extensions */ = {
			isa = PBXGroup;
			children = (
				4C7F250525AC8584003C4FDA /* CoreData */,
				4C810BDC2573A5B700008F53 /* Bundle-Decodable.swift */,
				4C7F24FB25AC7F87003C4FDA /* Sequence-Sorting.swift */,
				4C6DA8B0256DBC7300879910 /* Binding-OnChange.swift.swift */,
				4C92274D2576C1FE00048FB8 /* Color-Additions.swift */,
				4C9BE361265557090006F776 /* SKProduct-LocalizedPrice.swift */,
			);
			path = Extensions;
			sourceTree = "<group>";
		};
		4C7F24FA25AC7763003C4FDA /* Configuration */ = {
			isa = PBXGroup;
			children = (
				4CAE5F882562CA7D00BC698E /* OddTracker.entitlements */,
				4CB7B4E22652AC280059A9A4 /* Configuration.storekit */,
				4C91DCFF25617BB600A0A108 /* Info.plist */,
			);
			path = Configuration;
			sourceTree = "<group>";
		};
		4C7F250125AC8462003C4FDA /* Activities */ = {
			isa = PBXGroup;
			children = (
				4C91DCF825617BB300A0A108 /* ContentView.swift */,
				4C7F250225AC846E003C4FDA /* Home */,
				4C7F250325AC8474003C4FDA /* Project */,
				4C7F250425AC847E003C4FDA /* Awards */,
			);
			path = Activities;
			sourceTree = "<group>";
		};
		4C7F250225AC846E003C4FDA /* Home */ = {
			isa = PBXGroup;
			children = (
				4C4C376B2562D3DB00D3EA28 /* HomeView.swift */,
				4CFAAA4F257E5EFC0072DA26 /* ItemListView.swift */,
				4CFAAA52257E60B70072DA26 /* ProjectSummaryView.swift */,
			);
			path = Home;
			sourceTree = "<group>";
		};
		4C7F250325AC8474003C4FDA /* Project */ = {
			isa = PBXGroup;
			children = (
				4C12D0172573951F00F532C9 /* SelectSomethingView.swift */,
				4C4C37722562D6FD00D3EA28 /* ProjectsView.swift */,
				4CC7B372256E9D250036E5AF /* ProjectHeaderView.swift */,
				4C0512E7256BF37300167684 /* ItemRowView.swift */,
				4C088C41256FF7E100684D19 /* EditProjectView.swift */,
				4C0512E3256BEF1400167684 /* EditItemView.swift */,
			);
			path = Project;
			sourceTree = "<group>";
		};
		4C7F250425AC847E003C4FDA /* Awards */ = {
			isa = PBXGroup;
			children = (
				4C810BE52573A92100008F53 /* AwardsView.swift */,
				4C810BE22573A8BF00008F53 /* Award.swift */,
				4CB3BA442577D383009F94C0 /* Awards.json */,
			);
			path = Awards;
			sourceTree = "<group>";
		};
		4C7F250525AC8584003C4FDA /* CoreData */ = {
			isa = PBXGroup;
			children = (
				4C91DD0625617FDD00A0A108 /* Main.xcdatamodeld */,
				4CCD12542564226400F66350 /* Item-CoreDataHelpers.swift.swift */,
				4C088C49256FFA9B00684D19 /* Project-CoreDataHelpers.swift */,
			);
			path = CoreData;
			sourceTree = "<group>";
		};
		4C91DCEA25617BB300A0A108 = {
			isa = PBXGroup;
			children = (
				4C91DCF525617BB300A0A108 /* OddTracker */,
				4CAB9C1825BA1C81000FB4C1 /* OddTrackerTests */,
				4C9A61B325F9074D002AB33A /* OddTrackerUITests */,
				4C91DCF425617BB300A0A108 /* Products */,
				4C4C37672562D0C000D3EA28 /* Frameworks */,
			);
			sourceTree = "<group>";
		};
		4C91DCF425617BB300A0A108 /* Products */ = {
			isa = PBXGroup;
			children = (
				4C91DCF325617BB300A0A108 /* OddTracker.app */,
				4CAB9C1725BA1C81000FB4C1 /* OddTrackerTests.xctest */,
				4C9A61B225F9074D002AB33A /* OddTrackerUITests.xctest */,
			);
			name = Products;
			sourceTree = "<group>";
		};
		4C91DCF525617BB300A0A108 /* OddTracker */ = {
			isa = PBXGroup;
			children = (
				4C91DCF625617BB300A0A108 /* OddTrackerApp.swift */,
				4C91DD0A2561825F00A0A108 /* DataController.swift */,
				4CB7B4E02652A9450059A9A4 /* UnlockManager.swift */,
				4C7F250125AC8462003C4FDA /* Activities */,
				4CF9A14525FA3541009C1070 /* ViewModels */,
				4C7F24F925AC771D003C4FDA /* Extensions */,
				4C48FD692577907900494CDA /* Localization */,
				4C7F24FA25AC7763003C4FDA /* Configuration */,
				4C91DCFA25617BB600A0A108 /* Assets.xcassets */,
				4CC7B376256EA1B20036E5AF /* Colors.xcassets */,
				4C91DCFC25617BB600A0A108 /* Preview Content */,
			);
			path = OddTracker;
			sourceTree = "<group>";
		};
		4C91DCFC25617BB600A0A108 /* Preview Content */ = {
			isa = PBXGroup;
			children = (
				4C91DCFD25617BB600A0A108 /* Preview Assets.xcassets */,
			);
			path = "Preview Content";
			sourceTree = "<group>";
		};
		4C9A61B325F9074D002AB33A /* OddTrackerUITests */ = {
			isa = PBXGroup;
			children = (
				4C9A61B425F9074D002AB33A /* OddTrackerUITests.swift */,
				4C9A61B625F9074D002AB33A /* Info.plist */,
			);
			path = OddTrackerUITests;
			sourceTree = "<group>";
		};
		4CAB9C1825BA1C81000FB4C1 /* OddTrackerTests */ = {
			isa = PBXGroup;
			children = (
				4CC3B32B25CC6C870061D42C /* TestFixtures */,
				4CAB9C1925BA1C81000FB4C1 /* OddTrackerTests.swift */,
				4C9DCB4125C1BA1C000252C6 /* DevelopmentTests.swift */,
				4CC3B32525CC69FB0061D42C /* ExtensionTests.swift */,
				4CAB9C2325BA1DEF000FB4C1 /* AssetTests.swift */,
				4CEE08CE25BB52C4004F939C /* AwardTests.swift */,
				4CEE08CA25BB504F004F939C /* ProjectTests.swift */,
				4C152DC325DAD41E00D5269A /* PerformanceTests.swift */,
				4CAB9C1B25BA1C81000FB4C1 /* Info.plist */,
			);
			path = OddTrackerTests;
			sourceTree = "<group>";
		};
		4CC3B32B25CC6C870061D42C /* TestFixtures */ = {
			isa = PBXGroup;
			children = (
				4CC3B32C25CC6CAE0061D42C /* DecodableDictionary.json */,
				4CC3B33225CC6CDB0061D42C /* DecodableString.json */,
			);
			path = TestFixtures;
			sourceTree = "<group>";
		};
		4CF9A14525FA3541009C1070 /* ViewModels */ = {
			isa = PBXGroup;
			children = (
				4C51934025FD048500C5F858 /* HomeViewModel.swift */,
				4CF9A14925FA35EF009C1070 /* ProjectsViewModel.swift */,
				4CBCF91C260121E70048E4EF /* ItemRowViewModel.swift */,
			);
			path = ViewModels;
			sourceTree = "<group>";
		};
/* End PBXGroup section */

/* Begin PBXNativeTarget section */
		4C91DCF225617BB300A0A108 /* OddTracker */ = {
			isa = PBXNativeTarget;
			buildConfigurationList = 4C91DD0225617BB600A0A108 /* Build configuration list for PBXNativeTarget "OddTracker" */;
			buildPhases = (
				4C91DCEF25617BB300A0A108 /* Sources */,
				4C91DCF025617BB300A0A108 /* Frameworks */,
				4C91DCF125617BB300A0A108 /* Resources */,
				4CF3776A258D65A700A97C02 /* SwiftLint */,
			);
			buildRules = (
			);
			dependencies = (
			);
			name = OddTracker;
			productName = OddTracker;
			productReference = 4C91DCF325617BB300A0A108 /* OddTracker.app */;
			productType = "com.apple.product-type.application";
		};
		4C9A61B125F9074D002AB33A /* OddTrackerUITests */ = {
			isa = PBXNativeTarget;
			buildConfigurationList = 4C9A61BB25F9074D002AB33A /* Build configuration list for PBXNativeTarget "OddTrackerUITests" */;
			buildPhases = (
				4C9A61AE25F9074D002AB33A /* Sources */,
				4C9A61AF25F9074D002AB33A /* Frameworks */,
				4C9A61B025F9074D002AB33A /* Resources */,
			);
			buildRules = (
			);
			dependencies = (
				4C9A61B825F9074D002AB33A /* PBXTargetDependency */,
			);
			name = OddTrackerUITests;
			productName = OddTrackerUITests;
			productReference = 4C9A61B225F9074D002AB33A /* OddTrackerUITests.xctest */;
			productType = "com.apple.product-type.bundle.ui-testing";
		};
		4CAB9C1625BA1C81000FB4C1 /* OddTrackerTests */ = {
			isa = PBXNativeTarget;
			buildConfigurationList = 4CAB9C2025BA1C82000FB4C1 /* Build configuration list for PBXNativeTarget "OddTrackerTests" */;
			buildPhases = (
				4CAB9C1325BA1C81000FB4C1 /* Sources */,
				4CAB9C1425BA1C81000FB4C1 /* Frameworks */,
				4CAB9C1525BA1C81000FB4C1 /* Resources */,
			);
			buildRules = (
			);
			dependencies = (
				4CAB9C1D25BA1C81000FB4C1 /* PBXTargetDependency */,
			);
			name = OddTrackerTests;
			productName = OddTrackerTests;
			productReference = 4CAB9C1725BA1C81000FB4C1 /* OddTrackerTests.xctest */;
			productType = "com.apple.product-type.bundle.unit-test";
		};
/* End PBXNativeTarget section */

/* Begin PBXProject section */
		4C91DCEB25617BB300A0A108 /* Project object */ = {
			isa = PBXProject;
			attributes = {
				LastSwiftUpdateCheck = 1240;
				LastUpgradeCheck = 1230;
				TargetAttributes = {
					4C91DCF225617BB300A0A108 = {
						CreatedOnToolsVersion = 12.2;
					};
					4C9A61B125F9074D002AB33A = {
						CreatedOnToolsVersion = 12.4;
						TestTargetID = 4C91DCF225617BB300A0A108;
					};
					4CAB9C1625BA1C81000FB4C1 = {
						CreatedOnToolsVersion = 12.3;
						TestTargetID = 4C91DCF225617BB300A0A108;
					};
				};
			};
			buildConfigurationList = 4C91DCEE25617BB300A0A108 /* Build configuration list for PBXProject "OddTracker" */;
			compatibilityVersion = "Xcode 9.3";
			developmentRegion = en;
			hasScannedForEncodings = 0;
			knownRegions = (
				en,
				Base,
				de,
			);
			mainGroup = 4C91DCEA25617BB300A0A108;
			productRefGroup = 4C91DCF425617BB300A0A108 /* Products */;
			projectDirPath = "";
			projectRoot = "";
			targets = (
				4C91DCF225617BB300A0A108 /* OddTracker */,
				4CAB9C1625BA1C81000FB4C1 /* OddTrackerTests */,
				4C9A61B125F9074D002AB33A /* OddTrackerUITests */,
			);
		};
/* End PBXProject section */

/* Begin PBXResourcesBuildPhase section */
		4C91DCF125617BB300A0A108 /* Resources */ = {
			isa = PBXResourcesBuildPhase;
			buildActionMask = 2147483647;
			files = (
				4CB3BA372577CC77009F94C0 /* Localizable.strings in Resources */,
				4CC7B377256EA1B20036E5AF /* Colors.xcassets in Resources */,
				4CB3BA422577D383009F94C0 /* Awards.json in Resources */,
				4C91DCFE25617BB600A0A108 /* Preview Assets.xcassets in Resources */,
				4C91DCFB25617BB600A0A108 /* Assets.xcassets in Resources */,
				4CB3BA3C2577CD69009F94C0 /* Localizable.stringsdict in Resources */,
			);
			runOnlyForDeploymentPostprocessing = 0;
		};
		4C9A61B025F9074D002AB33A /* Resources */ = {
			isa = PBXResourcesBuildPhase;
			buildActionMask = 2147483647;
			files = (
			);
			runOnlyForDeploymentPostprocessing = 0;
		};
		4CAB9C1525BA1C81000FB4C1 /* Resources */ = {
			isa = PBXResourcesBuildPhase;
			buildActionMask = 2147483647;
			files = (
				4CC3B33325CC6CDB0061D42C /* DecodableString.json in Resources */,
				4CC3B32D25CC6CAE0061D42C /* DecodableDictionary.json in Resources */,
			);
			runOnlyForDeploymentPostprocessing = 0;
		};
/* End PBXResourcesBuildPhase section */

/* Begin PBXShellScriptBuildPhase section */
		4CF3776A258D65A700A97C02 /* SwiftLint */ = {
			isa = PBXShellScriptBuildPhase;
			buildActionMask = 2147483647;
			files = (
			);
			inputFileListPaths = (
			);
			inputPaths = (
			);
			name = SwiftLint;
			outputFileListPaths = (
			);
			outputPaths = (
			);
			runOnlyForDeploymentPostprocessing = 0;
			shellPath = /bin/sh;
			shellScript = "if which swiftlint >/dev/null; then\n  swiftlint\nelse\n  echo \"warning: SwiftLint not installed, download from https://github.com/realm/SwiftLint\"\nfi\n";
		};
/* End PBXShellScriptBuildPhase section */

/* Begin PBXSourcesBuildPhase section */
		4C91DCEF25617BB300A0A108 /* Sources */ = {
			isa = PBXSourcesBuildPhase;
			buildActionMask = 2147483647;
			files = (
				4C088C4A256FFA9B00684D19 /* Project-CoreDataHelpers.swift in Sources */,
				4C92274E2576C1FE00048FB8 /* Color-Additions.swift in Sources */,
				4C4C37732562D6FD00D3EA28 /* ProjectsView.swift in Sources */,
				4C810BDD2573A5B700008F53 /* Bundle-Decodable.swift in Sources */,
				4C91DD0825617FDD00A0A108 /* Main.xcdatamodeld in Sources */,
				4C51934125FD048500C5F858 /* HomeViewModel.swift in Sources */,
				4CB7B4E12652A9450059A9A4 /* UnlockManager.swift in Sources */,
				4CFAAA50257E5EFC0072DA26 /* ItemListView.swift in Sources */,
				4C12D0182573951F00F532C9 /* SelectSomethingView.swift in Sources */,
				4C810BE32573A8BF00008F53 /* Award.swift in Sources */,
				4C810BE62573A92100008F53 /* AwardsView.swift in Sources */,
				4C7F24FC25AC7F87003C4FDA /* Sequence-Sorting.swift in Sources */,
				4C0512E8256BF37300167684 /* ItemRowView.swift in Sources */,
				4C6DA8B1256DBC7300879910 /* Binding-OnChange.swift.swift in Sources */,
				4CFAAA53257E60B70072DA26 /* ProjectSummaryView.swift in Sources */,
				4CC7B373256E9D250036E5AF /* ProjectHeaderView.swift in Sources */,
				4CCD12552564226400F66350 /* Item-CoreDataHelpers.swift.swift in Sources */,
				4C91DD0B2561825F00A0A108 /* DataController.swift in Sources */,
				4C91DCF925617BB300A0A108 /* ContentView.swift in Sources */,
				4C088C42256FF7E100684D19 /* EditProjectView.swift in Sources */,
				4C0512E4256BEF1400167684 /* EditItemView.swift in Sources */,
				4CBCF91D260121E70048E4EF /* ItemRowViewModel.swift in Sources */,
				4C4C376C2562D3DB00D3EA28 /* HomeView.swift in Sources */,
				4C9BE362265557090006F776 /* SKProduct-LocalizedPrice.swift in Sources */,
				4CF9A14A25FA35EF009C1070 /* ProjectsViewModel.swift in Sources */,
				4C91DCF725617BB300A0A108 /* OddTrackerApp.swift in Sources */,
			);
			runOnlyForDeploymentPostprocessing = 0;
		};
		4C9A61AE25F9074D002AB33A /* Sources */ = {
			isa = PBXSourcesBuildPhase;
			buildActionMask = 2147483647;
			files = (
				4C9A61B525F9074D002AB33A /* OddTrackerUITests.swift in Sources */,
			);
			runOnlyForDeploymentPostprocessing = 0;
		};
		4CAB9C1325BA1C81000FB4C1 /* Sources */ = {
			isa = PBXSourcesBuildPhase;
			buildActionMask = 2147483647;
			files = (
				4C152DC425DAD41E00D5269A /* PerformanceTests.swift in Sources */,
				4CAB9C2425BA1DEF000FB4C1 /* AssetTests.swift in Sources */,
				4CEE08CF25BB52C4004F939C /* AwardTests.swift in Sources */,
				4CAB9C1A25BA1C81000FB4C1 /* OddTrackerTests.swift in Sources */,
				4CC3B32625CC69FB0061D42C /* ExtensionTests.swift in Sources */,
				4CEE08CB25BB504F004F939C /* ProjectTests.swift in Sources */,
				4C9DCB4225C1BA1C000252C6 /* DevelopmentTests.swift in Sources */,
			);
			runOnlyForDeploymentPostprocessing = 0;
		};
/* End PBXSourcesBuildPhase section */

/* Begin PBXTargetDependency section */
		4C9A61B825F9074D002AB33A /* PBXTargetDependency */ = {
			isa = PBXTargetDependency;
			target = 4C91DCF225617BB300A0A108 /* OddTracker */;
			targetProxy = 4C9A61B725F9074D002AB33A /* PBXContainerItemProxy */;
		};
		4CAB9C1D25BA1C81000FB4C1 /* PBXTargetDependency */ = {
			isa = PBXTargetDependency;
			target = 4C91DCF225617BB300A0A108 /* OddTracker */;
			targetProxy = 4CAB9C1C25BA1C81000FB4C1 /* PBXContainerItemProxy */;
		};
/* End PBXTargetDependency section */

/* Begin PBXVariantGroup section */
		4CB3BA392577CC77009F94C0 /* Localizable.strings */ = {
			isa = PBXVariantGroup;
			children = (
				4CB3BA382577CC77009F94C0 /* en */,
				4CB3BA3B2577CCBC009F94C0 /* de */,
			);
			name = Localizable.strings;
			sourceTree = "<group>";
		};
		4CB3BA3E2577CD69009F94C0 /* Localizable.stringsdict */ = {
			isa = PBXVariantGroup;
			children = (
				4CB3BA3D2577CD69009F94C0 /* en */,
				4CB3BA402577CD73009F94C0 /* de */,
			);
			name = Localizable.stringsdict;
			sourceTree = "<group>";
		};
		4CB3BA442577D383009F94C0 /* Awards.json */ = {
			isa = PBXVariantGroup;
			children = (
				4CB3BA432577D383009F94C0 /* en */,
				4CB3BA462577D387009F94C0 /* de */,
			);
			name = Awards.json;
			sourceTree = "<group>";
		};
/* End PBXVariantGroup section */

/* Begin XCBuildConfiguration section */
		4C91DD0025617BB600A0A108 /* Debug */ = {
			isa = XCBuildConfiguration;
			buildSettings = {
				ALWAYS_SEARCH_USER_PATHS = NO;
				CLANG_ANALYZER_LOCALIZABILITY_NONLOCALIZED = YES;
				CLANG_ANALYZER_NONNULL = YES;
				CLANG_ANALYZER_NUMBER_OBJECT_CONVERSION = YES_AGGRESSIVE;
				CLANG_CXX_LANGUAGE_STANDARD = "gnu++14";
				CLANG_CXX_LIBRARY = "libc++";
				CLANG_ENABLE_MODULES = YES;
				CLANG_ENABLE_OBJC_ARC = YES;
				CLANG_ENABLE_OBJC_WEAK = YES;
				CLANG_WARN_BLOCK_CAPTURE_AUTORELEASING = YES;
				CLANG_WARN_BOOL_CONVERSION = YES;
				CLANG_WARN_COMMA = YES;
				CLANG_WARN_CONSTANT_CONVERSION = YES;
				CLANG_WARN_DEPRECATED_OBJC_IMPLEMENTATIONS = YES;
				CLANG_WARN_DIRECT_OBJC_ISA_USAGE = YES_ERROR;
				CLANG_WARN_DOCUMENTATION_COMMENTS = YES;
				CLANG_WARN_EMPTY_BODY = YES;
				CLANG_WARN_ENUM_CONVERSION = YES;
				CLANG_WARN_INFINITE_RECURSION = YES;
				CLANG_WARN_INT_CONVERSION = YES;
				CLANG_WARN_NON_LITERAL_NULL_CONVERSION = YES;
				CLANG_WARN_OBJC_IMPLICIT_RETAIN_SELF = YES;
				CLANG_WARN_OBJC_LITERAL_CONVERSION = YES;
				CLANG_WARN_OBJC_ROOT_CLASS = YES_ERROR;
				CLANG_WARN_QUOTED_INCLUDE_IN_FRAMEWORK_HEADER = YES;
				CLANG_WARN_RANGE_LOOP_ANALYSIS = YES;
				CLANG_WARN_STRICT_PROTOTYPES = YES;
				CLANG_WARN_SUSPICIOUS_MOVE = YES;
				CLANG_WARN_UNGUARDED_AVAILABILITY = YES_AGGRESSIVE;
				CLANG_WARN_UNREACHABLE_CODE = YES;
				CLANG_WARN__DUPLICATE_METHOD_MATCH = YES;
				COPY_PHASE_STRIP = NO;
				DEBUG_INFORMATION_FORMAT = dwarf;
				ENABLE_STRICT_OBJC_MSGSEND = YES;
				ENABLE_TESTABILITY = YES;
				GCC_C_LANGUAGE_STANDARD = gnu11;
				GCC_DYNAMIC_NO_PIC = NO;
				GCC_NO_COMMON_BLOCKS = YES;
				GCC_OPTIMIZATION_LEVEL = 0;
				GCC_PREPROCESSOR_DEFINITIONS = (
					"DEBUG=1",
					"$(inherited)",
				);
				GCC_WARN_64_TO_32_BIT_CONVERSION = YES;
				GCC_WARN_ABOUT_RETURN_TYPE = YES_ERROR;
				GCC_WARN_UNDECLARED_SELECTOR = YES;
				GCC_WARN_UNINITIALIZED_AUTOS = YES_AGGRESSIVE;
				GCC_WARN_UNUSED_FUNCTION = YES;
				GCC_WARN_UNUSED_VARIABLE = YES;
				IPHONEOS_DEPLOYMENT_TARGET = 14.2;
				MTL_ENABLE_DEBUG_INFO = INCLUDE_SOURCE;
				MTL_FAST_MATH = YES;
				ONLY_ACTIVE_ARCH = YES;
				SDKROOT = iphoneos;
				SWIFT_ACTIVE_COMPILATION_CONDITIONS = DEBUG;
				SWIFT_OPTIMIZATION_LEVEL = "-Onone";
			};
			name = Debug;
		};
		4C91DD0125617BB600A0A108 /* Release */ = {
			isa = XCBuildConfiguration;
			buildSettings = {
				ALWAYS_SEARCH_USER_PATHS = NO;
				CLANG_ANALYZER_LOCALIZABILITY_NONLOCALIZED = YES;
				CLANG_ANALYZER_NONNULL = YES;
				CLANG_ANALYZER_NUMBER_OBJECT_CONVERSION = YES_AGGRESSIVE;
				CLANG_CXX_LANGUAGE_STANDARD = "gnu++14";
				CLANG_CXX_LIBRARY = "libc++";
				CLANG_ENABLE_MODULES = YES;
				CLANG_ENABLE_OBJC_ARC = YES;
				CLANG_ENABLE_OBJC_WEAK = YES;
				CLANG_WARN_BLOCK_CAPTURE_AUTORELEASING = YES;
				CLANG_WARN_BOOL_CONVERSION = YES;
				CLANG_WARN_COMMA = YES;
				CLANG_WARN_CONSTANT_CONVERSION = YES;
				CLANG_WARN_DEPRECATED_OBJC_IMPLEMENTATIONS = YES;
				CLANG_WARN_DIRECT_OBJC_ISA_USAGE = YES_ERROR;
				CLANG_WARN_DOCUMENTATION_COMMENTS = YES;
				CLANG_WARN_EMPTY_BODY = YES;
				CLANG_WARN_ENUM_CONVERSION = YES;
				CLANG_WARN_INFINITE_RECURSION = YES;
				CLANG_WARN_INT_CONVERSION = YES;
				CLANG_WARN_NON_LITERAL_NULL_CONVERSION = YES;
				CLANG_WARN_OBJC_IMPLICIT_RETAIN_SELF = YES;
				CLANG_WARN_OBJC_LITERAL_CONVERSION = YES;
				CLANG_WARN_OBJC_ROOT_CLASS = YES_ERROR;
				CLANG_WARN_QUOTED_INCLUDE_IN_FRAMEWORK_HEADER = YES;
				CLANG_WARN_RANGE_LOOP_ANALYSIS = YES;
				CLANG_WARN_STRICT_PROTOTYPES = YES;
				CLANG_WARN_SUSPICIOUS_MOVE = YES;
				CLANG_WARN_UNGUARDED_AVAILABILITY = YES_AGGRESSIVE;
				CLANG_WARN_UNREACHABLE_CODE = YES;
				CLANG_WARN__DUPLICATE_METHOD_MATCH = YES;
				COPY_PHASE_STRIP = NO;
				DEBUG_INFORMATION_FORMAT = "dwarf-with-dsym";
				ENABLE_NS_ASSERTIONS = NO;
				ENABLE_STRICT_OBJC_MSGSEND = YES;
				GCC_C_LANGUAGE_STANDARD = gnu11;
				GCC_NO_COMMON_BLOCKS = YES;
				GCC_WARN_64_TO_32_BIT_CONVERSION = YES;
				GCC_WARN_ABOUT_RETURN_TYPE = YES_ERROR;
				GCC_WARN_UNDECLARED_SELECTOR = YES;
				GCC_WARN_UNINITIALIZED_AUTOS = YES_AGGRESSIVE;
				GCC_WARN_UNUSED_FUNCTION = YES;
				GCC_WARN_UNUSED_VARIABLE = YES;
				IPHONEOS_DEPLOYMENT_TARGET = 14.2;
				MTL_ENABLE_DEBUG_INFO = NO;
				MTL_FAST_MATH = YES;
				SDKROOT = iphoneos;
				SWIFT_COMPILATION_MODE = wholemodule;
				SWIFT_OPTIMIZATION_LEVEL = "-O";
				VALIDATE_PRODUCT = YES;
			};
			name = Release;
		};
		4C91DD0325617BB600A0A108 /* Debug */ = {
			isa = XCBuildConfiguration;
			buildSettings = {
				ASSETCATALOG_COMPILER_APPICON_NAME = AppIcon;
				ASSETCATALOG_COMPILER_GLOBAL_ACCENT_COLOR_NAME = AccentColor;
				CODE_SIGN_ENTITLEMENTS = OddTracker/Configuration/OddTracker.entitlements;
				CODE_SIGN_IDENTITY = "Apple Development";
				CODE_SIGN_STYLE = Automatic;
				DEVELOPMENT_ASSET_PATHS = "\"OddTracker/Preview Content\"";
				DEVELOPMENT_TEAM = K5ZJLTFVCL;
				ENABLE_PREVIEWS = YES;
				INFOPLIST_FILE = OddTracker/Configuration/Info.plist;
				IPHONEOS_DEPLOYMENT_TARGET = 14.0;
				LD_RUNPATH_SEARCH_PATHS = (
					"$(inherited)",
					"@executable_path/Frameworks",
				);
				PRODUCT_BUNDLE_IDENTIFIER = io.github.oddmagnet.OddTracker;
				PRODUCT_NAME = "$(TARGET_NAME)";
				PROVISIONING_PROFILE_SPECIFIER = "";
				SWIFT_VERSION = 5.0;
				TARGETED_DEVICE_FAMILY = "1,2";
			};
			name = Debug;
		};
		4C91DD0425617BB600A0A108 /* Release */ = {
			isa = XCBuildConfiguration;
			buildSettings = {
				ASSETCATALOG_COMPILER_APPICON_NAME = AppIcon;
				ASSETCATALOG_COMPILER_GLOBAL_ACCENT_COLOR_NAME = AccentColor;
				CODE_SIGN_ENTITLEMENTS = OddTracker/Configuration/OddTracker.entitlements;
				CODE_SIGN_IDENTITY = "Apple Development";
				CODE_SIGN_STYLE = Automatic;
				DEVELOPMENT_ASSET_PATHS = "\"OddTracker/Preview Content\"";
				DEVELOPMENT_TEAM = K5ZJLTFVCL;
				ENABLE_PREVIEWS = YES;
				INFOPLIST_FILE = OddTracker/Configuration/Info.plist;
				IPHONEOS_DEPLOYMENT_TARGET = 14.0;
				LD_RUNPATH_SEARCH_PATHS = (
					"$(inherited)",
					"@executable_path/Frameworks",
				);
				PRODUCT_BUNDLE_IDENTIFIER = io.github.oddmagnet.OddTracker;
				PRODUCT_NAME = "$(TARGET_NAME)";
				PROVISIONING_PROFILE_SPECIFIER = "";
				SWIFT_VERSION = 5.0;
				TARGETED_DEVICE_FAMILY = "1,2";
			};
			name = Release;
		};
		4C9A61B925F9074D002AB33A /* Debug */ = {
			isa = XCBuildConfiguration;
			buildSettings = {
				CODE_SIGN_STYLE = Automatic;
				DEVELOPMENT_TEAM = K5ZJLTFVCL;
				INFOPLIST_FILE = OddTrackerUITests/Info.plist;
				IPHONEOS_DEPLOYMENT_TARGET = 14.4;
				LD_RUNPATH_SEARCH_PATHS = (
					"$(inherited)",
					"@executable_path/Frameworks",
					"@loader_path/Frameworks",
				);
				PRODUCT_BUNDLE_IDENTIFIER = io.github.oddmagnet.OddTrackerUITests;
				PRODUCT_NAME = "$(TARGET_NAME)";
				SWIFT_VERSION = 5.0;
				TARGETED_DEVICE_FAMILY = "1,2";
				TEST_TARGET_NAME = OddTracker;
			};
			name = Debug;
		};
		4C9A61BA25F9074D002AB33A /* Release */ = {
			isa = XCBuildConfiguration;
			buildSettings = {
				CODE_SIGN_STYLE = Automatic;
				DEVELOPMENT_TEAM = K5ZJLTFVCL;
				INFOPLIST_FILE = OddTrackerUITests/Info.plist;
				IPHONEOS_DEPLOYMENT_TARGET = 14.4;
				LD_RUNPATH_SEARCH_PATHS = (
					"$(inherited)",
					"@executable_path/Frameworks",
					"@loader_path/Frameworks",
				);
				PRODUCT_BUNDLE_IDENTIFIER = io.github.oddmagnet.OddTrackerUITests;
				PRODUCT_NAME = "$(TARGET_NAME)";
				SWIFT_VERSION = 5.0;
				TARGETED_DEVICE_FAMILY = "1,2";
				TEST_TARGET_NAME = OddTracker;
			};
			name = Release;
		};
		4CAB9C1E25BA1C81000FB4C1 /* Debug */ = {
			isa = XCBuildConfiguration;
			buildSettings = {
				BUNDLE_LOADER = "$(TEST_HOST)";
				CODE_SIGN_STYLE = Automatic;
				DEVELOPMENT_TEAM = K5ZJLTFVCL;
				INFOPLIST_FILE = OddTrackerTests/Info.plist;
				IPHONEOS_DEPLOYMENT_TARGET = 14.3;
				LD_RUNPATH_SEARCH_PATHS = (
					"$(inherited)",
					"@executable_path/Frameworks",
					"@loader_path/Frameworks",
				);
				PRODUCT_BUNDLE_IDENTIFIER = io.github.oddmagnet.OddTrackerTests;
				PRODUCT_NAME = "$(TARGET_NAME)";
				SWIFT_VERSION = 5.0;
				TARGETED_DEVICE_FAMILY = "1,2";
				TEST_HOST = "$(BUILT_PRODUCTS_DIR)/OddTracker.app/OddTracker";
			};
			name = Debug;
		};
		4CAB9C1F25BA1C81000FB4C1 /* Release */ = {
			isa = XCBuildConfiguration;
			buildSettings = {
				BUNDLE_LOADER = "$(TEST_HOST)";
				CODE_SIGN_STYLE = Automatic;
				DEVELOPMENT_TEAM = K5ZJLTFVCL;
				INFOPLIST_FILE = OddTrackerTests/Info.plist;
				IPHONEOS_DEPLOYMENT_TARGET = 14.3;
				LD_RUNPATH_SEARCH_PATHS = (
					"$(inherited)",
					"@executable_path/Frameworks",
					"@loader_path/Frameworks",
				);
				PRODUCT_BUNDLE_IDENTIFIER = io.github.oddmagnet.OddTrackerTests;
				PRODUCT_NAME = "$(TARGET_NAME)";
				SWIFT_VERSION = 5.0;
				TARGETED_DEVICE_FAMILY = "1,2";
				TEST_HOST = "$(BUILT_PRODUCTS_DIR)/OddTracker.app/OddTracker";
			};
			name = Release;
		};
/* End XCBuildConfiguration section */

/* Begin XCConfigurationList section */
		4C91DCEE25617BB300A0A108 /* Build configuration list for PBXProject "OddTracker" */ = {
			isa = XCConfigurationList;
			buildConfigurations = (
				4C91DD0025617BB600A0A108 /* Debug */,
				4C91DD0125617BB600A0A108 /* Release */,
			);
			defaultConfigurationIsVisible = 0;
			defaultConfigurationName = Release;
		};
		4C91DD0225617BB600A0A108 /* Build configuration list for PBXNativeTarget "OddTracker" */ = {
			isa = XCConfigurationList;
			buildConfigurations = (
				4C91DD0325617BB600A0A108 /* Debug */,
				4C91DD0425617BB600A0A108 /* Release */,
			);
			defaultConfigurationIsVisible = 0;
			defaultConfigurationName = Release;
		};
		4C9A61BB25F9074D002AB33A /* Build configuration list for PBXNativeTarget "OddTrackerUITests" */ = {
			isa = XCConfigurationList;
			buildConfigurations = (
				4C9A61B925F9074D002AB33A /* Debug */,
				4C9A61BA25F9074D002AB33A /* Release */,
			);
			defaultConfigurationIsVisible = 0;
			defaultConfigurationName = Release;
		};
		4CAB9C2025BA1C82000FB4C1 /* Build configuration list for PBXNativeTarget "OddTrackerTests" */ = {
			isa = XCConfigurationList;
			buildConfigurations = (
				4CAB9C1E25BA1C81000FB4C1 /* Debug */,
				4CAB9C1F25BA1C81000FB4C1 /* Release */,
			);
			defaultConfigurationIsVisible = 0;
			defaultConfigurationName = Release;
		};
/* End XCConfigurationList section */

/* Begin XCVersionGroup section */
		4C91DD0625617FDD00A0A108 /* Main.xcdatamodeld */ = {
			isa = XCVersionGroup;
			children = (
				4C91DD0725617FDD00A0A108 /* Main.xcdatamodel */,
			);
			currentVersion = 4C91DD0725617FDD00A0A108 /* Main.xcdatamodel */;
			path = Main.xcdatamodeld;
			sourceTree = "<group>";
			versionGroupType = wrapper.xcdatamodel;
		};
/* End XCVersionGroup section */
	};
	rootObject = 4C91DCEB25617BB300A0A108 /* Project object */;
}
